
Microsoft Visual Studio Solution File, Format Version 12.00
# Visual Studio Version 17
VisualStudioVersion = 17.5.002.0
MinimumVisualStudioVersion = 10.0.40219.1
Project("{9A19103F-16F7-4668-BE54-9A1E7A4F7556}") = "StudentApp", "StudentApp.csproj", "{C51DDF7A-AD94-48C7-BE92-E7897E355AE3}"
EndProject
Global
	GlobalSection(SolutionConfigurationPlatforms) = preSolution
		Debug|Any CPU = Debug|Any CPU
		Release|Any CPU = Release|Any CPU
	EndGlobalSection
	GlobalSection(ProjectConfigurationPlatforms) = postSolution
		{C51DDF7A-AD94-48C7-BE92-E7897E355AE3}.Debug|Any CPU.ActiveCfg = Debug|Any CPU
		{C51DDF7A-AD94-48C7-BE92-E7897E355AE3}.Debug|Any CPU.Build.0 = Debug|Any CPU
		{C51DDF7A-AD94-48C7-BE92-E7897E355AE3}.Release|Any CPU.ActiveCfg = Release|Any CPU
		{C51DDF7A-AD94-48C7-BE92-E7897E355AE3}.Release|Any CPU.Build.0 = Release|Any CPU
	EndGlobalSection
	GlobalSection(SolutionProperties) = preSolution
		HideSolutionNode = FALSE
	EndGlobalSection
	GlobalSection(ExtensibilityGlobals) = postSolution
		SolutionGuid = {DA79A338-5A04-4B28-842F-CBBE683919E3}
	EndGlobalSection
EndGlobal
